
Microsoft Visual Studio Solution File, Format Version 12.00
# Visual Studio Version 16
VisualStudioVersion = 16.0.30907.101
MinimumVisualStudioVersion = 10.0.40219.1
Project("{FAE04EC0-301F-11D3-BF4B-00C04F79EFBC}") = "ConsumerProducerUsingChannels", "ConsumerProducerUsingChannels\ConsumerProducerUsingChannels.csproj", "{B73627B9-2E17-45D1-ACCF-61DF0C60A069}"
EndProject
Global
	GlobalSection(SolutionConfigurationPlatforms) = preSolution
		Debug|Any CPU = Debug|Any CPU
		Release|Any CPU = Release|Any CPU
	EndGlobalSection
	GlobalSection(ProjectConfigurationPlatforms) = postSolution
		{B73627B9-2E17-45D1-ACCF-61DF0C60A069}.Debug|Any CPU.ActiveCfg = Debug|Any CPU
		{B73627B9-2E17-45D1-ACCF-61DF0C60A069}.Debug|Any CPU.Build.0 = Debug|Any CPU
		{B73627B9-2E17-45D1-ACCF-61DF0C60A069}.Release|Any CPU.ActiveCfg = Release|Any CPU
		{B73627B9-2E17-45D1-ACCF-61DF0C60A069}.Release|Any CPU.Build.0 = Release|Any CPU
	EndGlobalSection
	GlobalSection(SolutionProperties) = preSolution
		HideSolutionNode = FALSE
	EndGlobalSection
	GlobalSection(ExtensibilityGlobals) = postSolution
		SolutionGuid = {3F2426DC-DAF9-40BB-AEAB-AC0F3A8047A0}
	EndGlobalSection
EndGlobal
